// !$*UTF8*$!
{
	archiveVersion = 1;
	classes = {
	};
	objectVersion = 46;
	objects = {

/* Begin PBXBuildFile section */
		35E8058EA28C03E5E1F76E58 /* Pods_WeatherGift.framework in Frameworks */ = {isa = PBXBuildFile; fileRef = 024A8B054434EADCDEFCDAF1 /* Pods_WeatherGift.framework */; };
		7E19D4AE1E88506400DC1870 /* WeatherLocation.swift in Sources */ = {isa = PBXBuildFile; fileRef = 7E19D4AD1E88506400DC1870 /* WeatherLocation.swift */; };
		7E52FAC41E7C36BE00966A32 /* AppDelegate.swift in Sources */ = {isa = PBXBuildFile; fileRef = 7E52FAC31E7C36BE00966A32 /* AppDelegate.swift */; };
		7E52FAC91E7C36BE00966A32 /* Main.storyboard in Resources */ = {isa = PBXBuildFile; fileRef = 7E52FAC71E7C36BE00966A32 /* Main.storyboard */; };
		7E52FACB1E7C36BF00966A32 /* Assets.xcassets in Resources */ = {isa = PBXBuildFile; fileRef = 7E52FACA1E7C36BF00966A32 /* Assets.xcassets */; };
		7E52FACE1E7C36BF00966A32 /* LaunchScreen.storyboard in Resources */ = {isa = PBXBuildFile; fileRef = 7E52FACC1E7C36BF00966A32 /* LaunchScreen.storyboard */; };
		7E52FAD61E7C37A700966A32 /* DetailVC.swift in Sources */ = {isa = PBXBuildFile; fileRef = 7E52FAD51E7C37A700966A32 /* DetailVC.swift */; };
		7E52FAD81E7C3DA700966A32 /* ListVC.swift in Sources */ = {isa = PBXBuildFile; fileRef = 7E52FAD71E7C3DA700966A32 /* ListVC.swift */; };
		7E52FADA1E7C410200966A32 /* PageVC.swift in Sources */ = {isa = PBXBuildFile; fileRef = 7E52FAD91E7C410200966A32 /* PageVC.swift */; };
/* End PBXBuildFile section */

/* Begin PBXFileReference section */
		024A8B054434EADCDEFCDAF1 /* Pods_WeatherGift.framework */ = {isa = PBXFileReference; explicitFileType = wrapper.framework; includeInIndex = 0; path = Pods_WeatherGift.framework; sourceTree = BUILT_PRODUCTS_DIR; };
		7E19D4AD1E88506400DC1870 /* WeatherLocation.swift */ = {isa = PBXFileReference; fileEncoding = 4; lastKnownFileType = sourcecode.swift; path = WeatherLocation.swift; sourceTree = "<group>"; };
		7E52FAC01E7C36BE00966A32 /* WeatherGift.app */ = {isa = PBXFileReference; explicitFileType = wrapper.application; includeInIndex = 0; path = WeatherGift.app; sourceTree = BUILT_PRODUCTS_DIR; };
		7E52FAC31E7C36BE00966A32 /* AppDelegate.swift */ = {isa = PBXFileReference; lastKnownFileType = sourcecode.swift; path = AppDelegate.swift; sourceTree = "<group>"; };
		7E52FAC81E7C36BE00966A32 /* Base */ = {isa = PBXFileReference; lastKnownFileType = file.storyboard; name = Base; path = Base.lproj/Main.storyboard; sourceTree = "<group>"; };
		7E52FACA1E7C36BF00966A32 /* Assets.xcassets */ = {isa = PBXFileReference; lastKnownFileType = folder.assetcatalog; path = Assets.xcassets; sourceTree = "<group>"; };
		7E52FACD1E7C36BF00966A32 /* Base */ = {isa = PBXFileReference; lastKnownFileType = file.storyboard; name = Base; path = Base.lproj/LaunchScreen.storyboard; sourceTree = "<group>"; };
		7E52FACF1E7C36BF00966A32 /* Info.plist */ = {isa = PBXFileReference; lastKnownFileType = text.plist.xml; path = Info.plist; sourceTree = "<group>"; };
		7E52FAD51E7C37A700966A32 /* DetailVC.swift */ = {isa = PBXFileReference; fileEncoding = 4; lastKnownFileType = sourcecode.swift; path = DetailVC.swift; sourceTree = "<group>"; };
		7E52FAD71E7C3DA700966A32 /* ListVC.swift */ = {isa = PBXFileReference; fileEncoding = 4; lastKnownFileType = sourcecode.swift; path = ListVC.swift; sourceTree = "<group>"; };
		7E52FAD91E7C410200966A32 /* PageVC.swift */ = {isa = PBXFileReference; fileEncoding = 4; lastKnownFileType = sourcecode.swift; path = PageVC.swift; sourceTree = "<group>"; };
		D53CA953941AAC7DCB1818B7 /* Pods-WeatherGift.release.xcconfig */ = {isa = PBXFileReference; includeInIndex = 1; lastKnownFileType = text.xcconfig; name = "Pods-WeatherGift.release.xcconfig"; path = "Pods/Target Support Files/Pods-WeatherGift/Pods-WeatherGift.release.xcconfig"; sourceTree = "<group>"; };
		E7F63E8D6C9492CBEEEFBB28 /* Pods-WeatherGift.debug.xcconfig */ = {isa = PBXFileReference; includeInIndex = 1; lastKnownFileType = text.xcconfig; name = "Pods-WeatherGift.debug.xcconfig"; path = "Pods/Target Support Files/Pods-WeatherGift/Pods-WeatherGift.debug.xcconfig"; sourceTree = "<group>"; };
/* End PBXFileReference section */

/* Begin PBXFrameworksBuildPhase section */
		7E52FABD1E7C36BD00966A32 /* Frameworks */ = {
			isa = PBXFrameworksBuildPhase;
			buildActionMask = 2147483647;
			files = (
				35E8058EA28C03E5E1F76E58 /* Pods_WeatherGift.framework in Frameworks */,
			);
			runOnlyForDeploymentPostprocessing = 0;
		};
/* End PBXFrameworksBuildPhase section */

/* Begin PBXGroup section */
		7921B468B5C4E7E674CFEEF1 /* Pods */ = {
			isa = PBXGroup;
			children = (
				E7F63E8D6C9492CBEEEFBB28 /* Pods-WeatherGift.debug.xcconfig */,
				D53CA953941AAC7DCB1818B7 /* Pods-WeatherGift.release.xcconfig */,
			);
			name = Pods;
			sourceTree = "<group>";
		};
		7E52FAB71E7C36BD00966A32 = {
			isa = PBXGroup;
			children = (
				7E52FAC21E7C36BE00966A32 /* WeatherGift */,
				7E52FAC11E7C36BE00966A32 /* Products */,
				7921B468B5C4E7E674CFEEF1 /* Pods */,
				FCC4FD8C0C32AD99D98EF41F /* Frameworks */,
			);
			sourceTree = "<group>";
		};
		7E52FAC11E7C36BE00966A32 /* Products */ = {
			isa = PBXGroup;
			children = (
				7E52FAC01E7C36BE00966A32 /* WeatherGift.app */,
			);
			name = Products;
			sourceTree = "<group>";
		};
		7E52FAC21E7C36BE00966A32 /* WeatherGift */ = {
			isa = PBXGroup;
			children = (
				7E52FAC31E7C36BE00966A32 /* AppDelegate.swift */,
				7E19D4AD1E88506400DC1870 /* WeatherLocation.swift */,
				7E52FAD91E7C410200966A32 /* PageVC.swift */,
				7E52FAD51E7C37A700966A32 /* DetailVC.swift */,
				7E52FAD71E7C3DA700966A32 /* ListVC.swift */,
				7E52FAC71E7C36BE00966A32 /* Main.storyboard */,
				7E52FACA1E7C36BF00966A32 /* Assets.xcassets */,
				7E52FACC1E7C36BF00966A32 /* LaunchScreen.storyboard */,
				7E52FACF1E7C36BF00966A32 /* Info.plist */,
			);
			path = WeatherGift;
			sourceTree = "<group>";
		};
		FCC4FD8C0C32AD99D98EF41F /* Frameworks */ = {
			isa = PBXGroup;
			children = (
				024A8B054434EADCDEFCDAF1 /* Pods_WeatherGift.framework */,
			);
			name = Frameworks;
			sourceTree = "<group>";
		};
/* End PBXGroup section */

/* Begin PBXNativeTarget section */
		7E52FABF1E7C36BD00966A32 /* WeatherGift */ = {
			isa = PBXNativeTarget;
			buildConfigurationList = 7E52FAD21E7C36BF00966A32 /* Build configuration list for PBXNativeTarget "WeatherGift" */;
			buildPhases = (
				D2A21DE815EA3AECC48386A7 /* [CP] Check Pods Manifest.lock */,
				7E52FABC1E7C36BD00966A32 /* Sources */,
				7E52FABD1E7C36BD00966A32 /* Frameworks */,
				7E52FABE1E7C36BD00966A32 /* Resources */,
				401279648ACFB07804CAB689 /* [CP] Embed Pods Frameworks */,
				2C1797780CB2AF59CEF38D0E /* [CP] Copy Pods Resources */,
			);
			buildRules = (
			);
			dependencies = (
			);
			name = WeatherGift;
			productName = WeatherGift;
			productReference = 7E52FAC01E7C36BE00966A32 /* WeatherGift.app */;
			productType = "com.apple.product-type.application";
		};
/* End PBXNativeTarget section */

/* Begin PBXProject section */
		7E52FAB81E7C36BD00966A32 /* Project object */ = {
			isa = PBXProject;
			attributes = {
				LastSwiftUpdateCheck = 0820;
				LastUpgradeCheck = 0820;
				ORGANIZATIONNAME = CSOM;
				TargetAttributes = {
					7E52FABF1E7C36BD00966A32 = {
						CreatedOnToolsVersion = 8.2.1;
						DevelopmentTeam = 883EDAGRH8;
						ProvisioningStyle = Automatic;
					};
				};
			};
			buildConfigurationList = 7E52FABB1E7C36BD00966A32 /* Build configuration list for PBXProject "WeatherGift" */;
			compatibilityVersion = "Xcode 3.2";
			developmentRegion = English;
			hasScannedForEncodings = 0;
			knownRegions = (
				en,
				Base,
			);
			mainGroup = 7E52FAB71E7C36BD00966A32;
			productRefGroup = 7E52FAC11E7C36BE00966A32 /* Products */;
			projectDirPath = "";
			projectRoot = "";
			targets = (
				7E52FABF1E7C36BD00966A32 /* WeatherGift */,
			);
		};
/* End PBXProject section */

/* Begin PBXResourcesBuildPhase section */
		7E52FABE1E7C36BD00966A32 /* Resources */ = {
			isa = PBXResourcesBuildPhase;
			buildActionMask = 2147483647;
			files = (
				7E52FACE1E7C36BF00966A32 /* LaunchScreen.storyboard in Resources */,
				7E52FACB1E7C36BF00966A32 /* Assets.xcassets in Resources */,
				7E52FAC91E7C36BE00966A32 /* Main.storyboard in Resources */,
			);
			runOnlyForDeploymentPostprocessing = 0;
		};
/* End PBXResourcesBuildPhase section */

/* Begin PBXShellScriptBuildPhase section */
		2C1797780CB2AF59CEF38D0E /* [CP] Copy Pods Resources */ = {
			isa = PBXShellScriptBuildPhase;
			buildActionMask = 2147483647;
			files = (
			);
			inputPaths = (
			);
			name = "[CP] Copy Pods Resources";
			outputPaths = (
			);
			runOnlyForDeploymentPostprocessing = 0;
			shellPath = /bin/sh;
			shellScript = "\"${SRCROOT}/Pods/Target Support Files/Pods-WeatherGift/Pods-WeatherGift-resources.sh\"\n";
			showEnvVarsInLog = 0;
		};
		401279648ACFB07804CAB689 /* [CP] Embed Pods Frameworks */ = {
			isa = PBXShellScriptBuildPhase;
			buildActionMask = 2147483647;
			files = (
			);
			inputPaths = (
			);
			name = "[CP] Embed Pods Frameworks";
			outputPaths = (
			);
			runOnlyForDeploymentPostprocessing = 0;
			shellPath = /bin/sh;
			shellScript = "\"${SRCROOT}/Pods/Target Support Files/Pods-WeatherGift/Pods-WeatherGift-frameworks.sh\"\n";
			showEnvVarsInLog = 0;
		};
		D2A21DE815EA3AECC48386A7 /* [CP] Check Pods Manifest.lock */ = {
			isa = PBXShellScriptBuildPhase;
			buildActionMask = 2147483647;
			files = (
			);
			inputPaths = (
			);
			name = "[CP] Check Pods Manifest.lock";
			outputPaths = (
			);
			runOnlyForDeploymentPostprocessing = 0;
			shellPath = /bin/sh;
			shellScript = "diff \"${PODS_ROOT}/../Podfile.lock\" \"${PODS_ROOT}/Manifest.lock\" > /dev/null\nif [ $? != 0 ] ; then\n    # print error to STDERR\n    echo \"error: The sandbox is not in sync with the Podfile.lock. Run 'pod install' or update your CocoaPods installation.\" >&2\n    exit 1\nfi\n";
			showEnvVarsInLog = 0;
		};
/* End PBXShellScriptBuildPhase section */

/* Begin PBXSourcesBuildPhase section */
		7E52FABC1E7C36BD00966A32 /* Sources */ = {
			isa = PBXSourcesBuildPhase;
			buildActionMask = 2147483647;
			files = (
				7E19D4AE1E88506400DC1870 /* WeatherLocation.swift in Sources */,
				7E52FAD81E7C3DA700966A32 /* ListVC.swift in Sources */,
				7E52FADA1E7C410200966A32 /* PageVC.swift in Sources */,
				7E52FAC41E7C36BE00966A32 /* AppDelegate.swift in Sources */,
				7E52FAD61E7C37A700966A32 /* DetailVC.swift in Sources */,
			);
			runOnlyForDeploymentPostprocessing = 0;
		};
/* End PBXSourcesBuildPhase section */

/* Begin PBXVariantGroup section */
		7E52FAC71E7C36BE00966A32 /* Main.storyboard */ = {
			isa = PBXVariantGroup;
			children = (
				7E52FAC81E7C36BE00966A32 /* Base */,
			);
			name = Main.storyboard;
			sourceTree = "<group>";
		};
		7E52FACC1E7C36BF00966A32 /* LaunchScreen.storyboard */ = {
			isa = PBXVariantGroup;
			children = (
				7E52FACD1E7C36BF00966A32 /* Base */,
			);
			name = LaunchScreen.storyboard;
			sourceTree = "<group>";
		};
/* End PBXVariantGroup section */

/* Begin XCBuildConfiguration section */
		7E52FAD01E7C36BF00966A32 /* Debug */ = {
			isa = XCBuildConfiguration;
			buildSettings = {
				ALWAYS_SEARCH_USER_PATHS = NO;
				CLANG_ANALYZER_NONNULL = YES;
				CLANG_CXX_LANGUAGE_STANDARD = "gnu++0x";
				CLANG_CXX_LIBRARY = "libc++";
				CLANG_ENABLE_MODULES = YES;
				CLANG_ENABLE_OBJC_ARC = YES;
				CLANG_WARN_BOOL_CONVERSION = YES;
				CLANG_WARN_CONSTANT_CONVERSION = YES;
				CLANG_WARN_DIRECT_OBJC_ISA_USAGE = YES_ERROR;
				CLANG_WARN_DOCUMENTATION_COMMENTS = YES;
				CLANG_WARN_EMPTY_BODY = YES;
				CLANG_WARN_ENUM_CONVERSION = YES;
				CLANG_WARN_INFINITE_RECURSION = YES;
				CLANG_WARN_INT_CONVERSION = YES;
				CLANG_WARN_OBJC_ROOT_CLASS = YES_ERROR;
				CLANG_WARN_SUSPICIOUS_MOVE = YES;
				CLANG_WARN_UNREACHABLE_CODE = YES;
				CLANG_WARN__DUPLICATE_METHOD_MATCH = YES;
				"CODE_SIGN_IDENTITY[sdk=iphoneos*]" = "iPhone Developer";
				COPY_PHASE_STRIP = NO;
				DEBUG_INFORMATION_FORMAT = dwarf;
				ENABLE_STRICT_OBJC_MSGSEND = YES;
				ENABLE_TESTABILITY = YES;
				GCC_C_LANGUAGE_STANDARD = gnu99;
				GCC_DYNAMIC_NO_PIC = NO;
				GCC_NO_COMMON_BLOCKS = YES;
				GCC_OPTIMIZATION_LEVEL = 0;
				GCC_PREPROCESSOR_DEFINITIONS = (
					"DEBUG=1",
					"$(inherited)",
				);
				GCC_WARN_64_TO_32_BIT_CONVERSION = YES;
				GCC_WARN_ABOUT_RETURN_TYPE = YES_ERROR;
				GCC_WARN_UNDECLARED_SELECTOR = YES;
				GCC_WARN_UNINITIALIZED_AUTOS = YES_AGGRESSIVE;
				GCC_WARN_UNUSED_FUNCTION = YES;
				GCC_WARN_UNUSED_VARIABLE = YES;
				IPHONEOS_DEPLOYMENT_TARGET = 10.2;
				MTL_ENABLE_DEBUG_INFO = YES;
				ONLY_ACTIVE_ARCH = YES;
				SDKROOT = iphoneos;
				SWIFT_ACTIVE_COMPILATION_CONDITIONS = DEBUG;
				SWIFT_OPTIMIZATION_LEVEL = "-Onone";
				TARGETED_DEVICE_FAMILY = "1,2";
			};
			name = Debug;
		};
		7E52FAD11E7C36BF00966A32 /* Release */ = {
			isa = XCBuildConfiguration;
			buildSettings = {
				ALWAYS_SEARCH_USER_PATHS = NO;
				CLANG_ANALYZER_NONNULL = YES;
				CLANG_CXX_LANGUAGE_STANDARD = "gnu++0x";
				CLANG_CXX_LIBRARY = "libc++";
				CLANG_ENABLE_MODULES = YES;
				CLANG_ENABLE_OBJC_ARC = YES;
				CLANG_WARN_BOOL_CONVERSION = YES;
				CLANG_WARN_CONSTANT_CONVERSION = YES;
				CLANG_WARN_DIRECT_OBJC_ISA_USAGE = YES_ERROR;
				CLANG_WARN_DOCUMENTATION_COMMENTS = YES;
				CLANG_WARN_EMPTY_BODY = YES;
				CLANG_WARN_ENUM_CONVERSION = YES;
				CLANG_WARN_INFINITE_RECURSION = YES;
				CLANG_WARN_INT_CONVERSION = YES;
				CLANG_WARN_OBJC_ROOT_CLASS = YES_ERROR;
				CLANG_WARN_SUSPICIOUS_MOVE = YES;
				CLANG_WARN_UNREACHABLE_CODE = YES;
				CLANG_WARN__DUPLICATE_METHOD_MATCH = YES;
				"CODE_SIGN_IDENTITY[sdk=iphoneos*]" = "iPhone Developer";
				COPY_PHASE_STRIP = NO;
				DEBUG_INFORMATION_FORMAT = "dwarf-with-dsym";
				ENABLE_NS_ASSERTIONS = NO;
				ENABLE_STRICT_OBJC_MSGSEND = YES;
				GCC_C_LANGUAGE_STANDARD = gnu99;
				GCC_NO_COMMON_BLOCKS = YES;
				GCC_WARN_64_TO_32_BIT_CONVERSION = YES;
				GCC_WARN_ABOUT_RETURN_TYPE = YES_ERROR;
				GCC_WARN_UNDECLARED_SELECTOR = YES;
				GCC_WARN_UNINITIALIZED_AUTOS = YES_AGGRESSIVE;
				GCC_WARN_UNUSED_FUNCTION = YES;
				GCC_WARN_UNUSED_VARIABLE = YES;
				IPHONEOS_DEPLOYMENT_TARGET = 10.2;
				MTL_ENABLE_DEBUG_INFO = NO;
				SDKROOT = iphoneos;
				SWIFT_OPTIMIZATION_LEVEL = "-Owholemodule";
				TARGETED_DEVICE_FAMILY = "1,2";
				VALIDATE_PRODUCT = YES;
			};
			name = Release;
		};
		7E52FAD31E7C36BF00966A32 /* Debug */ = {
			isa = XCBuildConfiguration;
			baseConfigurationReference = E7F63E8D6C9492CBEEEFBB28 /* Pods-WeatherGift.debug.xcconfig */;
			buildSettings = {
				ASSETCATALOG_COMPILER_APPICON_NAME = AppIcon;
				DEVELOPMENT_TEAM = 883EDAGRH8;
				INFOPLIST_FILE = WeatherGift/Info.plist;
				IPHONEOS_DEPLOYMENT_TARGET = 9.0;
				LD_RUNPATH_SEARCH_PATHS = "$(inherited) @executable_path/Frameworks";
				PRODUCT_BUNDLE_IDENTIFIER = com.hanley.WeatherGift;
				PRODUCT_NAME = "$(TARGET_NAME)";
				SWIFT_VERSION = 3.0;
			};
			name = Debug;
		};
		7E52FAD41E7C36BF00966A32 /* Release */ = {
			isa = XCBuildConfiguration;
			baseConfigurationReference = D53CA953941AAC7DCB1818B7 /* Pods-WeatherGift.release.xcconfig */;
			buildSettings = {
				ASSETCATALOG_COMPILER_APPICON_NAME = AppIcon;
				DEVELOPMENT_TEAM = 883EDAGRH8;
				INFOPLIST_FILE = WeatherGift/Info.plist;
				IPHONEOS_DEPLOYMENT_TARGET = 9.0;
				LD_RUNPATH_SEARCH_PATHS = "$(inherited) @executable_path/Frameworks";
				PRODUCT_BUNDLE_IDENTIFIER = com.hanley.WeatherGift;
				PRODUCT_NAME = "$(TARGET_NAME)";
				SWIFT_VERSION = 3.0;
			};
			name = Release;
		};
/* End XCBuildConfiguration section */

/* Begin XCConfigurationList section */
		7E52FABB1E7C36BD00966A32 /* Build configuration list for PBXProject "WeatherGift" */ = {
			isa = XCConfigurationList;
			buildConfigurations = (
				7E52FAD01E7C36BF00966A32 /* Debug */,
				7E52FAD11E7C36BF00966A32 /* Release */,
			);
			defaultConfigurationIsVisible = 0;
			defaultConfigurationName = Release;
		};
		7E52FAD21E7C36BF00966A32 /* Build configuration list for PBXNativeTarget "WeatherGift" */ = {
			isa = XCConfigurationList;
			buildConfigurations = (
				7E52FAD31E7C36BF00966A32 /* Debug */,
				7E52FAD41E7C36BF00966A32 /* Release */,
			);
			defaultConfigurationIsVisible = 0;
			defaultConfigurationName = Release;
		};
/* End XCConfigurationList section */
	};
	rootObject = 7E52FAB81E7C36BD00966A32 /* Project object */;
}
